PODS:
  - ASOAnimatedButton (1.0.1):
    - ASOAnimatedButton/BounceButton (= 1.0.1)
    - ASOAnimatedButton/TwoStateButton (= 1.0.1)
  - ASOAnimatedButton/BounceButton (1.0.1)
  - ASOAnimatedButton/TwoStateButton (1.0.1)

DEPENDENCIES:
  - ASOAnimatedButton (from `../ASOAnimatedButton.podspec`)
  - ASOAnimatedButton/TwoStateButton (from `../ASOAnimatedButton.podspec`)

EXTERNAL SOURCES:
  ASOAnimatedButton:
    :path: ../ASOAnimatedButton.podspec

SPEC CHECKSUMS:
  ASOAnimatedButton: bb540920a97dd1ee7eca6434c6225572d4570042

COCOAPODS: 0.39.0
